// !$*UTF8*$!
{
	archiveVersion = 1;
	classes = {
	};
	objectVersion = 46;
	objects = {

/* Begin PBXBuildFile section */
		246AF5811BF38EA60084B1BA /* AppDelegate.swift in Sources */ = {isa = PBXBuildFile; fileRef = 246AF5801BF38EA60084B1BA /* AppDelegate.swift */; };
		246AF5831BF38EA60084B1BA /* MasterViewController.swift in Sources */ = {isa = PBXBuildFile; fileRef = 246AF5821BF38EA60084B1BA /* MasterViewController.swift */; };
		246AF5851BF38EA60084B1BA /* DetailViewController.swift in Sources */ = {isa = PBXBuildFile; fileRef = 246AF5841BF38EA60084B1BA /* DetailViewController.swift */; };
		246AF5881BF38EA60084B1BA /* Main.storyboard in Resources */ = {isa = PBXBuildFile; fileRef = 246AF5861BF38EA60084B1BA /* Main.storyboard */; };
		246AF58A1BF38EA60084B1BA /* Assets.xcassets in Resources */ = {isa = PBXBuildFile; fileRef = 246AF5891BF38EA60084B1BA /* Assets.xcassets */; };
		246AF58D1BF38EA60084B1BA /* LaunchScreen.storyboard in Resources */ = {isa = PBXBuildFile; fileRef = 246AF58B1BF38EA60084B1BA /* LaunchScreen.storyboard */; };
		246AF5951BF3A8690084B1BA /* ContainedViewController.swift in Sources */ = {isa = PBXBuildFile; fileRef = 246AF5941BF3A8690084B1BA /* ContainedViewController.swift */; };
/* End PBXBuildFile section */

/* Begin PBXFileReference section */
		246AF57D1BF38EA60084B1BA /* KeyCommandTest.app */ = {isa = PBXFileReference; explicitFileType = wrapper.application; includeInIndex = 0; path = KeyCommandTest.app; sourceTree = BUILT_PRODUCTS_DIR; };
		246AF5801BF38EA60084B1BA /* AppDelegate.swift */ = {isa = PBXFileReference; lastKnownFileType = sourcecode.swift; path = AppDelegate.swift; sourceTree = "<group>"; };
		246AF5821BF38EA60084B1BA /* MasterViewController.swift */ = {isa = PBXFileReference; lastKnownFileType = sourcecode.swift; path = MasterViewController.swift; sourceTree = "<group>"; };
		246AF5841BF38EA60084B1BA /* DetailViewController.swift */ = {isa = PBXFileReference; lastKnownFileType = sourcecode.swift; path = DetailViewController.swift; sourceTree = "<group>"; };
		246AF5871BF38EA60084B1BA /* Base */ = {isa = PBXFileReference; lastKnownFileType = file.storyboard; name = Base; path = Base.lproj/Main.storyboard; sourceTree = "<group>"; };
		246AF5891BF38EA60084B1BA /* Assets.xcassets */ = {isa = PBXFileReference; lastKnownFileType = folder.assetcatalog; path = Assets.xcassets; sourceTree = "<group>"; };
		246AF58C1BF38EA60084B1BA /* Base */ = {isa = PBXFileReference; lastKnownFileType = file.storyboard; name = Base; path = Base.lproj/LaunchScreen.storyboard; sourceTree = "<group>"; };
		246AF58E1BF38EA60084B1BA /* Info.plist */ = {isa = PBXFileReference; lastKnownFileType = text.plist.xml; path = Info.plist; sourceTree = "<group>"; };
		246AF5941BF3A8690084B1BA /* ContainedViewController.swift */ = {isa = PBXFileReference; fileEncoding = 4; lastKnownFileType = sourcecode.swift; path = ContainedViewController.swift; sourceTree = "<group>"; };
/* End PBXFileReference section */

/* Begin PBXFrameworksBuildPhase section */
		246AF57A1BF38EA60084B1BA /* Frameworks */ = {
			isa = PBXFrameworksBuildPhase;
			buildActionMask = 2147483647;
			files = (
			);
			runOnlyForDeploymentPostprocessing = 0;
		};
/* End PBXFrameworksBuildPhase section */

/* Begin PBXGroup section */
		246AF5741BF38EA60084B1BA = {
			isa = PBXGroup;
			children = (
				246AF57F1BF38EA60084B1BA /* KeyCommandTest */,
				246AF57E1BF38EA60084B1BA /* Products */,
			);
			sourceTree = "<group>";
		};
		246AF57E1BF38EA60084B1BA /* Products */ = {
			isa = PBXGroup;
			children = (
				246AF57D1BF38EA60084B1BA /* KeyCommandTest.app */,
			);
			name = Products;
			sourceTree = "<group>";
		};
		246AF57F1BF38EA60084B1BA /* KeyCommandTest */ = {
			isa = PBXGroup;
			children = (
				246AF5801BF38EA60084B1BA /* AppDelegate.swift */,
				246AF5821BF38EA60084B1BA /* MasterViewController.swift */,
				246AF5841BF38EA60084B1BA /* DetailViewController.swift */,
				246AF5941BF3A8690084B1BA /* ContainedViewController.swift */,
				246AF5861BF38EA60084B1BA /* Main.storyboard */,
				246AF5891BF38EA60084B1BA /* Assets.xcassets */,
				246AF58B1BF38EA60084B1BA /* LaunchScreen.storyboard */,
				246AF58E1BF38EA60084B1BA /* Info.plist */,
			);
			path = KeyCommandTest;
			sourceTree = "<group>";
		};
/* End PBXGroup section */

/* Begin PBXNativeTarget section */
		246AF57C1BF38EA60084B1BA /* KeyCommandTest */ = {
			isa = PBXNativeTarget;
			buildConfigurationList = 246AF5911BF38EA60084B1BA /* Build configuration list for PBXNativeTarget "KeyCommandTest" */;
			buildPhases = (
				246AF5791BF38EA60084B1BA /* Sources */,
				246AF57A1BF38EA60084B1BA /* Frameworks */,
				246AF57B1BF38EA60084B1BA /* Resources */,
			);
			buildRules = (
			);
			dependencies = (
			);
			name = KeyCommandTest;
			productName = KeyCommandTest;
			productReference = 246AF57D1BF38EA60084B1BA /* KeyCommandTest.app */;
			productType = "com.apple.product-type.application";
		};
/* End PBXNativeTarget section */

/* Begin PBXProject section */
		246AF5751BF38EA60084B1BA /* Project object */ = {
			isa = PBXProject;
			attributes = {
				LastSwiftUpdateCheck = 0710;
				LastUpgradeCheck = 0710;
				ORGANIZATIONNAME = "Daniel Tull";
				TargetAttributes = {
					246AF57C1BF38EA60084B1BA = {
						CreatedOnToolsVersion = 7.1.1;
					};
				};
			};
			buildConfigurationList = 246AF5781BF38EA60084B1BA /* Build configuration list for PBXProject "KeyCommandTest" */;
			compatibilityVersion = "Xcode 3.2";
			developmentRegion = English;
			hasScannedForEncodings = 0;
			knownRegions = (
				en,
				Base,
			);
			mainGroup = 246AF5741BF38EA60084B1BA;
			productRefGroup = 246AF57E1BF38EA60084B1BA /* Products */;
			projectDirPath = "";
			projectRoot = "";
			targets = (
				246AF57C1BF38EA60084B1BA /* KeyCommandTest */,
			);
		};
/* End PBXProject section */

/* Begin PBXResourcesBuildPhase section */
		246AF57B1BF38EA60084B1BA /* Resources */ = {
			isa = PBXResourcesBuildPhase;
			buildActionMask = 2147483647;
			files = (
				246AF58D1BF38EA60084B1BA /* LaunchScreen.storyboard in Resources */,
				246AF58A1BF38EA60084B1BA /* Assets.xcassets in Resources */,
				246AF5881BF38EA60084B1BA /* Main.storyboard in Resources */,
			);
			runOnlyForDeploymentPostprocessing = 0;
		};
/* End PBXResourcesBuildPhase section */

/* Begin PBXSourcesBuildPhase section */
		246AF5791BF38EA60084B1BA /* Sources */ = {
			isa = PBXSourcesBuildPhase;
			buildActionMask = 2147483647;
			files = (
				246AF5951BF3A8690084B1BA /* ContainedViewController.swift in Sources */,
				246AF5851BF38EA60084B1BA /* DetailViewController.swift in Sources */,
				246AF5831BF38EA60084B1BA /* MasterViewController.swift in Sources */,
				246AF5811BF38EA60084B1BA /* AppDelegate.swift in Sources */,
			);
			runOnlyForDeploymentPostprocessing = 0;
		};
/* End PBXSourcesBuildPhase section */

/* Begin PBXVariantGroup section */
		246AF5861BF38EA60084B1BA /* Main.storyboard */ = {
			isa = PBXVariantGroup;
			children = (
				246AF5871BF38EA60084B1BA /* Base */,
			);
			name = Main.storyboard;
			sourceTree = "<group>";
		};
		246AF58B1BF38EA60084B1BA /* LaunchScreen.storyboard */ = {
			isa = PBXVariantGroup;
			children = (
				246AF58C1BF38EA60084B1BA /* Base */,
			);
			name = LaunchScreen.storyboard;
			sourceTree = "<group>";
		};
/* End PBXVariantGroup section */

/* Begin XCBuildConfiguration section */
		246AF58F1BF38EA60084B1BA /* Debug */ = {
			isa = XCBuildConfiguration;
			buildSettings = {
				ALWAYS_SEARCH_USER_PATHS = NO;
				CLANG_CXX_LANGUAGE_STANDARD = "gnu++0x";
				CLANG_CXX_LIBRARY = "libc++";
				CLANG_ENABLE_MODULES = YES;
				CLANG_ENABLE_OBJC_ARC = YES;
				CLANG_WARN_BOOL_CONVERSION = YES;
				CLANG_WARN_CONSTANT_CONVERSION = YES;
				CLANG_WARN_DIRECT_OBJC_ISA_USAGE = YES_ERROR;
				CLANG_WARN_EMPTY_BODY = YES;
				CLANG_WARN_ENUM_CONVERSION = YES;
				CLANG_WARN_INT_CONVERSION = YES;
				CLANG_WARN_OBJC_ROOT_CLASS = YES_ERROR;
				CLANG_WARN_UNREACHABLE_CODE = YES;
				CLANG_WARN__DUPLICATE_METHOD_MATCH = YES;
				"CODE_SIGN_IDENTITY[sdk=iphoneos*]" = "iPhone Developer";
				COPY_PHASE_STRIP = NO;
				DEBUG_INFORMATION_FORMAT = dwarf;
				ENABLE_STRICT_OBJC_MSGSEND = YES;
				ENABLE_TESTABILITY = YES;
				GCC_C_LANGUAGE_STANDARD = gnu99;
				GCC_DYNAMIC_NO_PIC = NO;
				GCC_NO_COMMON_BLOCKS = YES;
				GCC_OPTIMIZATION_LEVEL = 0;
				GCC_PREPROCESSOR_DEFINITIONS = (
					"DEBUG=1",
					"$(inherited)",
				);
				GCC_WARN_64_TO_32_BIT_CONVERSION = YES;
				GCC_WARN_ABOUT_RETURN_TYPE = YES_ERROR;
				GCC_WARN_UNDECLARED_SELECTOR = YES;
				GCC_WARN_UNINITIALIZED_AUTOS = YES_AGGRESSIVE;
				GCC_WARN_UNUSED_FUNCTION = YES;
				GCC_WARN_UNUSED_VARIABLE = YES;
				IPHONEOS_DEPLOYMENT_TARGET = 9.1;
				MTL_ENABLE_DEBUG_INFO = YES;
				ONLY_ACTIVE_ARCH = YES;
				SDKROOT = iphoneos;
				SWIFT_OPTIMIZATION_LEVEL = "-Onone";
				TARGETED_DEVICE_FAMILY = "1,2";
			};
			name = Debug;
		};
		246AF5901BF38EA60084B1BA /* Release */ = {
			isa = XCBuildConfiguration;
			buildSettings = {
				ALWAYS_SEARCH_USER_PATHS = NO;
				CLANG_CXX_LANGUAGE_STANDARD = "gnu++0x";
				CLANG_CXX_LIBRARY = "libc++";
				CLANG_ENABLE_MODULES = YES;
				CLANG_ENABLE_OBJC_ARC = YES;
				CLANG_WARN_BOOL_CONVERSION = YES;
				CLANG_WARN_CONSTANT_CONVERSION = YES;
				CLANG_WARN_DIRECT_OBJC_ISA_USAGE = YES_ERROR;
				CLANG_WARN_EMPTY_BODY = YES;
				CLANG_WARN_ENUM_CONVERSION = YES;
				CLANG_WARN_INT_CONVERSION = YES;
				CLANG_WARN_OBJC_ROOT_CLASS = YES_ERROR;
				CLANG_WARN_UNREACHABLE_CODE = YES;
				CLANG_WARN__DUPLICATE_METHOD_MATCH = YES;
				"CODE_SIGN_IDENTITY[sdk=iphoneos*]" = "iPhone Developer";
				COPY_PHASE_STRIP = NO;
				DEBUG_INFORMATION_FORMAT = "dwarf-with-dsym";
				ENABLE_NS_ASSERTIONS = NO;
				ENABLE_STRICT_OBJC_MSGSEND = YES;
				GCC_C_LANGUAGE_STANDARD = gnu99;
				GCC_NO_COMMON_BLOCKS = YES;
				GCC_WARN_64_TO_32_BIT_CONVERSION = YES;
				GCC_WARN_ABOUT_RETURN_TYPE = YES_ERROR;
				GCC_WARN_UNDECLARED_SELECTOR = YES;
				GCC_WARN_UNINITIALIZED_AUTOS = YES_AGGRESSIVE;
				GCC_WARN_UNUSED_FUNCTION = YES;
				GCC_WARN_UNUSED_VARIABLE = YES;
				IPHONEOS_DEPLOYMENT_TARGET = 9.1;
				MTL_ENABLE_DEBUG_INFO = NO;
				SDKROOT = iphoneos;
				TARGETED_DEVICE_FAMILY = "1,2";
				VALIDATE_PRODUCT = YES;
			};
			name = Release;
		};
		246AF5921BF38EA60084B1BA /* Debug */ = {
			isa = XCBuildConfiguration;
			buildSettings = {
				ASSETCATALOG_COMPILER_APPICON_NAME = AppIcon;
				INFOPLIST_FILE = KeyCommandTest/Info.plist;
				LD_RUNPATH_SEARCH_PATHS = "$(inherited) @executable_path/Frameworks";
				PRODUCT_BUNDLE_IDENTIFIER = uk.co.danieltull.KeyCommandTest;
				PRODUCT_NAME = "$(TARGET_NAME)";
			};
			name = Debug;
		};
		246AF5931BF38EA60084B1BA /* Release */ = {
			isa = XCBuildConfiguration;
			buildSettings = {
				ASSETCATALOG_COMPILER_APPICON_NAME = AppIcon;
				INFOPLIST_FILE = KeyCommandTest/Info.plist;
				LD_RUNPATH_SEARCH_PATHS = "$(inherited) @executable_path/Frameworks";
				PRODUCT_BUNDLE_IDENTIFIER = uk.co.danieltull.KeyCommandTest;
				PRODUCT_NAME = "$(TARGET_NAME)";
			};
			name = Release;
		};
/* End XCBuildConfiguration section */

/* Begin XCConfigurationList section */
		246AF5781BF38EA60084B1BA /* Build configuration list for PBXProject "KeyCommandTest" */ = {
			isa = XCConfigurationList;
			buildConfigurations = (
				246AF58F1BF38EA60084B1BA /* Debug */,
				246AF5901BF38EA60084B1BA /* Release */,
			);
			defaultConfigurationIsVisible = 0;
			defaultConfigurationName = Release;
		};
		246AF5911BF38EA60084B1BA /* Build configuration list for PBXNativeTarget "KeyCommandTest" */ = {
			isa = XCConfigurationList;
			buildConfigurations = (
				246AF5921BF38EA60084B1BA /* Debug */,
				246AF5931BF38EA60084B1BA /* Release */,
			);
			defaultConfigurationIsVisible = 0;
			defaultConfigurationName = Release;
		};
/* End XCConfigurationList section */
	};
	rootObject = 246AF5751BF38EA60084B1BA /* Project object */;
}
